
Microsoft Visual Studio Solution File, Format Version 12.00
# Visual Studio Version 17
VisualStudioVersion = 17.0.31912.275
MinimumVisualStudioVersion = 10.0.40219.1
Project("{FAE04EC0-301F-11D3-BF4B-00C04F79EFBC}") = "RabbitPublisher", "RabbitPublisher.csproj", "{76CEBCAD-15DF-470E-9A2C-C5F7F27DE89A}"
EndProject
Global
	GlobalSection(SolutionConfigurationPlatforms) = preSolution
		Debug|Any CPU = Debug|Any CPU
		Release|Any CPU = Release|Any CPU
	EndGlobalSection
	GlobalSection(ProjectConfigurationPlatforms) = postSolution
		{76CEBCAD-15DF-470E-9A2C-C5F7F27DE89A}.Debug|Any CPU.ActiveCfg = Debug|Any CPU
		{76CEBCAD-15DF-470E-9A2C-C5F7F27DE89A}.Debug|Any CPU.Build.0 = Debug|Any CPU
		{76CEBCAD-15DF-470E-9A2C-C5F7F27DE89A}.Release|Any CPU.ActiveCfg = Release|Any CPU
		{76CEBCAD-15DF-470E-9A2C-C5F7F27DE89A}.Release|Any CPU.Build.0 = Release|Any CPU
	EndGlobalSection
	GlobalSection(SolutionProperties) = preSolution
		HideSolutionNode = FALSE
	EndGlobalSection
	GlobalSection(ExtensibilityGlobals) = postSolution
		SolutionGuid = {69214CAA-F9E2-48CC-B956-7ACE1AB9DB1B}
	EndGlobalSection
EndGlobal
